
Microsoft Visual Studio Solution File, Format Version 12.00
# Visual Studio Version 16
VisualStudioVersion = 16.0.30225.117
MinimumVisualStudioVersion = 10.0.40219.1
Project("{FAE04EC0-301F-11D3-BF4B-00C04F79EFBC}") = "EmergentCodeChallenge", "EmergentCodeChallenge\EmergentCodeChallenge.csproj", "{4E792562-7DCE-4C04-9DCC-4AC9A69EBB94}"
EndProject
Global
	GlobalSection(SolutionConfigurationPlatforms) = preSolution
		Debug|Any CPU = Debug|Any CPU
		Release|Any CPU = Release|Any CPU
	EndGlobalSection
	GlobalSection(ProjectConfigurationPlatforms) = postSolution
		{4E792562-7DCE-4C04-9DCC-4AC9A69EBB94}.Debug|Any CPU.ActiveCfg = Debug|Any CPU
		{4E792562-7DCE-4C04-9DCC-4AC9A69EBB94}.Debug|Any CPU.Build.0 = Debug|Any CPU
		{4E792562-7DCE-4C04-9DCC-4AC9A69EBB94}.Release|Any CPU.ActiveCfg = Release|Any CPU
		{4E792562-7DCE-4C04-9DCC-4AC9A69EBB94}.Release|Any CPU.Build.0 = Release|Any CPU
	EndGlobalSection
	GlobalSection(SolutionProperties) = preSolution
		HideSolutionNode = FALSE
	EndGlobalSection
	GlobalSection(ExtensibilityGlobals) = postSolution
		SolutionGuid = {8F8B5B5E-9BAA-448D-AAFC-93EF284483F7}
	EndGlobalSection
EndGlobal
